
Microsoft Visual Studio Solution File, Format Version 12.00
# Visual Studio Version 17
VisualStudioVersion = 17.13.35931.197
MinimumVisualStudioVersion = 10.0.40219.1
Project("{FAE04EC0-301F-11D3-BF4B-00C04F79EFBC}") = "PlanNotesServer", "PlanNotesServer.csproj", "{EC042085-0609-4DB4-B888-3C433AE9B932}"
EndProject
Global
	GlobalSection(SolutionConfigurationPlatforms) = preSolution
		Debug|Any CPU = Debug|Any CPU
		Release|Any CPU = Release|Any CPU
	EndGlobalSection
	GlobalSection(ProjectConfigurationPlatforms) = postSolution
		{EC042085-0609-4DB4-B888-3C433AE9B932}.Debug|Any CPU.ActiveCfg = Debug|Any CPU
		{EC042085-0609-4DB4-B888-3C433AE9B932}.Debug|Any CPU.Build.0 = Debug|Any CPU
		{EC042085-0609-4DB4-B888-3C433AE9B932}.Release|Any CPU.ActiveCfg = Release|Any CPU
		{EC042085-0609-4DB4-B888-3C433AE9B932}.Release|Any CPU.Build.0 = Release|Any CPU
	EndGlobalSection
	GlobalSection(SolutionProperties) = preSolution
		HideSolutionNode = FALSE
	EndGlobalSection
	GlobalSection(ExtensibilityGlobals) = postSolution
		SolutionGuid = {DB9A6078-CE9C-4420-A922-B061CD81DBED}
	EndGlobalSection
EndGlobal
